
Microsoft Visual Studio Solution File, Format Version 12.00
# Visual Studio Version 17
VisualStudioVersion = 17.3.32929.385
MinimumVisualStudioVersion = 10.0.40219.1
Project("{9A19103F-16F7-4668-BE54-9A1E7A4F7556}") = "Api", "ShopApi\Api.csproj", "{90D9BA49-CDC3-4D80-ACF6-4134196D7EC1}"
EndProject
Project("{9A19103F-16F7-4668-BE54-9A1E7A4F7556}") = "WebShop.DataAccess", "Domain\WebShop.DataAccess.csproj", "{CDB10FA2-368D-4735-8BF1-AB6ACF4AA9D6}"
EndProject
Project("{9A19103F-16F7-4668-BE54-9A1E7A4F7556}") = "WebShop.Business", "Business\WebShop.Business.csproj", "{FF16B792-79A1-4347-A111-5090ECA4CCE7}"
EndProject
Project("{FAE04EC0-301F-11D3-BF4B-00C04F79EFBC}") = "Tests", "Tests\Tests.csproj", "{7CED6DB2-914B-4FF9-9201-84554652AF54}"
EndProject
Global
	GlobalSection(SolutionConfigurationPlatforms) = preSolution
		Debug|Any CPU = Debug|Any CPU
		Release|Any CPU = Release|Any CPU
	EndGlobalSection
	GlobalSection(ProjectConfigurationPlatforms) = postSolution
		{90D9BA49-CDC3-4D80-ACF6-4134196D7EC1}.Debug|Any CPU.ActiveCfg = Debug|Any CPU
		{90D9BA49-CDC3-4D80-ACF6-4134196D7EC1}.Debug|Any CPU.Build.0 = Debug|Any CPU
		{90D9BA49-CDC3-4D80-ACF6-4134196D7EC1}.Release|Any CPU.ActiveCfg = Release|Any CPU
		{90D9BA49-CDC3-4D80-ACF6-4134196D7EC1}.Release|Any CPU.Build.0 = Release|Any CPU
		{CDB10FA2-368D-4735-8BF1-AB6ACF4AA9D6}.Debug|Any CPU.ActiveCfg = Debug|Any CPU
		{CDB10FA2-368D-4735-8BF1-AB6ACF4AA9D6}.Debug|Any CPU.Build.0 = Debug|Any CPU
		{CDB10FA2-368D-4735-8BF1-AB6ACF4AA9D6}.Release|Any CPU.ActiveCfg = Release|Any CPU
		{CDB10FA2-368D-4735-8BF1-AB6ACF4AA9D6}.Release|Any CPU.Build.0 = Release|Any CPU
		{FF16B792-79A1-4347-A111-5090ECA4CCE7}.Debug|Any CPU.ActiveCfg = Debug|Any CPU
		{FF16B792-79A1-4347-A111-5090ECA4CCE7}.Debug|Any CPU.Build.0 = Debug|Any CPU
		{FF16B792-79A1-4347-A111-5090ECA4CCE7}.Release|Any CPU.ActiveCfg = Release|Any CPU
		{FF16B792-79A1-4347-A111-5090ECA4CCE7}.Release|Any CPU.Build.0 = Release|Any CPU
		{7CED6DB2-914B-4FF9-9201-84554652AF54}.Debug|Any CPU.ActiveCfg = Debug|Any CPU
		{7CED6DB2-914B-4FF9-9201-84554652AF54}.Debug|Any CPU.Build.0 = Debug|Any CPU
		{7CED6DB2-914B-4FF9-9201-84554652AF54}.Release|Any CPU.ActiveCfg = Release|Any CPU
		{7CED6DB2-914B-4FF9-9201-84554652AF54}.Release|Any CPU.Build.0 = Release|Any CPU
	EndGlobalSection
	GlobalSection(SolutionProperties) = preSolution
		HideSolutionNode = FALSE
	EndGlobalSection
	GlobalSection(ExtensibilityGlobals) = postSolution
		SolutionGuid = {30B4ED1B-1D71-4371-A41D-66964C676C5B}
	EndGlobalSection
EndGlobal
